
Microsoft Visual Studio Solution File, Format Version 12.00
# Visual Studio Version 17
VisualStudioVersion = 17.7.34003.232
MinimumVisualStudioVersion = 10.0.40219.1
Project("{FAE04EC0-301F-11D3-BF4B-00C04F79EFBC}") = "SpeedRave", "SpeedRave.csproj", "{AFE59191-1AD4-46DC-9964-2C253A0AF908}"
EndProject
Global
	GlobalSection(SolutionConfigurationPlatforms) = preSolution
		Debug|Any CPU = Debug|Any CPU
		Release|Any CPU = Release|Any CPU
	EndGlobalSection
	GlobalSection(ProjectConfigurationPlatforms) = postSolution
		{AFE59191-1AD4-46DC-9964-2C253A0AF908}.Debug|Any CPU.ActiveCfg = Debug|Any CPU
		{AFE59191-1AD4-46DC-9964-2C253A0AF908}.Debug|Any CPU.Build.0 = Debug|Any CPU
		{AFE59191-1AD4-46DC-9964-2C253A0AF908}.Release|Any CPU.ActiveCfg = Release|Any CPU
		{AFE59191-1AD4-46DC-9964-2C253A0AF908}.Release|Any CPU.Build.0 = Release|Any CPU
	EndGlobalSection
	GlobalSection(SolutionProperties) = preSolution
		HideSolutionNode = FALSE
	EndGlobalSection
	GlobalSection(ExtensibilityGlobals) = postSolution
		SolutionGuid = {4BF16498-1A6D-4732-AC0A-517F4630B30C}
	EndGlobalSection
EndGlobal
